
Microsoft Visual Studio Solution File, Format Version 12.00
# Visual Studio Version 16
VisualStudioVersion = 16.0.30711.63
MinimumVisualStudioVersion = 10.0.40219.1
Project("{8BC9CEB8-8B4A-11D0-8D11-00A0C91BC942}") = "BST", "BST.vcxproj", "{F8E1D17C-F4AE-4893-A6CB-D11F173ABA4D}"
EndProject
Global
	GlobalSection(SolutionConfigurationPlatforms) = preSolution
		Debug|x64 = Debug|x64
		Debug|x86 = Debug|x86
		Release|x64 = Release|x64
		Release|x86 = Release|x86
	EndGlobalSection
	GlobalSection(ProjectConfigurationPlatforms) = postSolution
		{F8E1D17C-F4AE-4893-A6CB-D11F173ABA4D}.Debug|x64.ActiveCfg = Debug|x64
		{F8E1D17C-F4AE-4893-A6CB-D11F173ABA4D}.Debug|x64.Build.0 = Debug|x64
		{F8E1D17C-F4AE-4893-A6CB-D11F173ABA4D}.Debug|x86.ActiveCfg = Debug|Win32
		{F8E1D17C-F4AE-4893-A6CB-D11F173ABA4D}.Debug|x86.Build.0 = Debug|Win32
		{F8E1D17C-F4AE-4893-A6CB-D11F173ABA4D}.Release|x64.ActiveCfg = Release|x64
		{F8E1D17C-F4AE-4893-A6CB-D11F173ABA4D}.Release|x64.Build.0 = Release|x64
		{F8E1D17C-F4AE-4893-A6CB-D11F173ABA4D}.Release|x86.ActiveCfg = Release|Win32
		{F8E1D17C-F4AE-4893-A6CB-D11F173ABA4D}.Release|x86.Build.0 = Release|Win32
	EndGlobalSection
	GlobalSection(SolutionProperties) = preSolution
		HideSolutionNode = FALSE
	EndGlobalSection
	GlobalSection(ExtensibilityGlobals) = postSolution
		SolutionGuid = {04837FA3-0BA8-4BA0-B508-710B3B907489}
	EndGlobalSection
EndGlobal
